
Microsoft Visual Studio Solution File, Format Version 12.00
# Visual Studio Version 16
VisualStudioVersion = 16.0.31321.278
MinimumVisualStudioVersion = 10.0.40219.1
Project("{FAE04EC0-301F-11D3-BF4B-00C04F79EFBC}") = "Net", "Net\Net.csproj", "{A6DE9E4F-E9E1-4D74-9F11-C55E21488F4E}"
EndProject
Global
	GlobalSection(SolutionConfigurationPlatforms) = preSolution
		Debug|Any CPU = Debug|Any CPU
		Release|Any CPU = Release|Any CPU
	EndGlobalSection
	GlobalSection(ProjectConfigurationPlatforms) = postSolution
		{A6DE9E4F-E9E1-4D74-9F11-C55E21488F4E}.Debug|Any CPU.ActiveCfg = Debug|Any CPU
		{A6DE9E4F-E9E1-4D74-9F11-C55E21488F4E}.Debug|Any CPU.Build.0 = Debug|Any CPU
		{A6DE9E4F-E9E1-4D74-9F11-C55E21488F4E}.Release|Any CPU.ActiveCfg = Release|Any CPU
		{A6DE9E4F-E9E1-4D74-9F11-C55E21488F4E}.Release|Any CPU.Build.0 = Release|Any CPU
	EndGlobalSection
	GlobalSection(SolutionProperties) = preSolution
		HideSolutionNode = FALSE
	EndGlobalSection
	GlobalSection(ExtensibilityGlobals) = postSolution
		SolutionGuid = {002424BA-1D39-474D-B844-8A95A280776C}
	EndGlobalSection
EndGlobal
